github.com/NicoKleinschmidt/entity-ipc v0.0.0-20220301205916-f093d160c4bd h1:/imDI52UEuh1yCR+FWiVYTbNkJMjKYwXTfgF7T9K570=
github.com/NicoKleinschmidt/entity-ipc v0.0.0-20220301205916-f093d160c4bd/go.mod h1:CVbTJ9ew1R7OkZdUAAeyanFIvyMTzYmcB2a1d7JVeV0=
github.com/NicoKleinschmidt/entity-ipc v0.0.0-20220301212608-07cde2212e07 h1:RUz32uYM7hpQXM4Tu+myG4CrFXH78aTIPT3WgS1F0Bg=
github.com/NicoKleinschmidt/entity-ipc v0.0.0-20220301212608-07cde2212e07/go.mod h1:CVbTJ9ew1R7OkZdUAAeyanFIvyMTzYmcB2a1d7JVeV0=
github.com/NicoKleinschmidt/entity-ipc v0.0.0-20220302165309-78d317c3bfa1 h1:uMZWw2AoT0iSq2BdbaEkMCuKknEkmTdi/JALgZxgkcE=
github.com/NicoKleinschmidt/entity-ipc v0.0.0-20220302165309-78d317c3bfa1/go.mod h1:CVbTJ9ew1R7OkZdUAAeyanFIvyMTzYmcB2a1d7JVeV0=
github.com/NicoKleinschmidt/entity-ipc v0.0.0-20220302170744-0489d8b3cbd2 h1:C7M8kIncP3EkLVwmrI1xd6+5/Yf72XkoeJPcuJbktmo=
github.com/NicoKleinschmidt/entity-ipc v0.0.0-20220302170744-0489d8b3cbd2/go.mod h1:CVbTJ9ew1R7OkZdUAAeyanFIvyMTzYmcB2a1d7JVeV0=
github.com/NicoKleinschmidt/entity-ipc v0.0.0-20220322171323-c88616ee1787 h1:xtYRKBGCsdaVWSwbj9kaoWKSAvDcnSx2CRzSBFs1GrM=
github.com/NicoKleinschmidt/entity-ipc v0.0.0-20220322171323-c88616ee1787/go.mod h1:CVbTJ9ew1R7OkZdUAAeyanFIvyMTzYmcB2a1d7JVeV0=
github.com/NicoKleinschmidt/entity-ipc v0.0.0-20220322171610-08411c2dfefb h1:cO3CI0jNeS1v6SjY19PtZov88g0/RLT+1DDb8yodq90=
github.com/NicoKleinschmidt/entity-ipc v0.0.0-20220322171610-08411c2dfefb/go.mod h1:CVbTJ9ew1R7OkZdUAAeyanFIvyMTzYmcB2a1d7JVeV0=
github.com/NicoKleinschmidt/entity-ipc v0.0.0-20220408134403-de2bc8bea14b h1:ow6e6yYvyktdAneN9fxychrhCzKhPTyh4gnciJL/wDU=
github.com/NicoKleinschmidt/entity-ipc v0.0.0-20220408134403-de2bc8bea14b/go.mod h1:CVbTJ9ew1R7OkZdUAAeyanFIvyMTzYmcB2a1d7JVeV0=
github.com/NicoKleinschmidt/entity-ipc v0.0.0-20220604134650-6354a49d71ce h1:3x7xjCWnSgJsLB/FUC5vKzVR6KwAr52GBGyhXvpT1Zk=
github.com/NicoKleinschmidt/entity-ipc v0.0.0-20220604134650-6354a49d71ce/go.mod h1:CVbTJ9ew1R7OkZdUAAeyanFIvyMTzYmcB2a1d7JVeV0=
